
Microsoft Visual Studio Solution File, Format Version 12.00
# Visual Studio Version 17
VisualStudioVersion = 17.14.36811.4 d17.14
MinimumVisualStudioVersion = 10.0.40219.1
Project("{FAE04EC0-301F-11D3-BF4B-00C04F79EFBC}") = "lazukovindproekt3", "lazukovindproekt3\lazukovindproekt3.csproj", "{81F5DC58-7722-4750-8B98-B4C212761490}"
EndProject
Global
	GlobalSection(SolutionConfigurationPlatforms) = preSolution
		Debug|Any CPU = Debug|Any CPU
		Release|Any CPU = Release|Any CPU
	EndGlobalSection
	GlobalSection(ProjectConfigurationPlatforms) = postSolution
		{81F5DC58-7722-4750-8B98-B4C212761490}.Debug|Any CPU.ActiveCfg = Debug|Any CPU
		{81F5DC58-7722-4750-8B98-B4C212761490}.Debug|Any CPU.Build.0 = Debug|Any CPU
		{81F5DC58-7722-4750-8B98-B4C212761490}.Release|Any CPU.ActiveCfg = Release|Any CPU
		{81F5DC58-7722-4750-8B98-B4C212761490}.Release|Any CPU.Build.0 = Release|Any CPU
	EndGlobalSection
	GlobalSection(SolutionProperties) = preSolution
		HideSolutionNode = FALSE
	EndGlobalSection
	GlobalSection(ExtensibilityGlobals) = postSolution
		SolutionGuid = {C0D2A767-64F9-4AF3-8D4A-953632503353}
	EndGlobalSection
EndGlobal
